{
  "lockfileVersion": 1,
  "workspaces": {
    "": {
      "dependencies": {
        "date-fns": "^4.1.0",
        "random-word-slugs": "^0.1.7",
        "react-error-boundary": "^6.0.0",
      },
    },
  },
  "packages": {
    "@babel/runtime": ["@babel/runtime@7.28.4", "", {}, "sha512-Q/N6JNWvIvPnLDvjlE1OUBLPQHH6l3CltCEsHIujp45zQUSSh8K+gHnaEX45yAT1nyngnINhvWtzN+Nb9D8RAQ=="],

    "date-fns": ["date-fns@4.1.0", "", {}, "sha512-Ukq0owbQXxa/U3EGtsdVBkR1w7KOQ5gIBqdH2hkvknzZPYvBxb/aa6E8L7tmjFtkwZBu3UXBbjIgPo/Ez4xaNg=="],

    "random-word-slugs": ["random-word-slugs@0.1.7", "", {}, "sha512-8cyzxOIDeLFvwSPTgCItMXHGT5ZPkjhuFKUTww06Xg1dNMXuGxIKlARvS7upk6JXIm41ZKXmtlKR1iCRWklKmg=="],

    "react": ["react@19.2.0", "", {}, "sha512-tmbWg6W31tQLeB5cdIBOicJDJRR2KzXsV7uSK9iNfLWQ5bIZfxuPEHp7M8wiHyHnn0DD1i7w3Zmin0FtkrwoCQ=="],

    "react-error-boundary": ["react-error-boundary@6.0.0", "", { "dependencies": { "@babel/runtime": "^7.12.5" }, "peerDependencies": { "react": ">=16.13.1" } }, "sha512-gdlJjD7NWr0IfkPlaREN2d9uUZUlksrfOx7SX62VRerwXbMY6ftGCIZua1VG1aXFNOimhISsTq+Owp725b9SiA=="],
  }
}
